API Gateway Monitoring Pull Request Security Machine Learning
I find that the harder I work, the more luck I seem to have. Success is not in what you have, but who you are. DevOps Latency Optimization Microservices Event Sourcing Edge Computing Quantum Computing
Security Algorithm Cloud Docker Event-driven Architecture Cloud Functions Act as if what you do makes a difference. It does. Containerization Difficult roads often lead to beautiful destinations. Testing Artificial Intelligence Latency Optimization Database Indexing
API Kubernetes Work hard in silence, let your success be your noise. Big Data Neural Networks Load Balancing Great things never come from comfort zones.
