API Gateway Monitoring Pull Request Security Machine Learning
I find that the harder I work, the more luck I seem to have. Success is not in what you have, but who you are. DevOps Latency Optimization Microservices Event Sourcing Edge Computing Quantum Computing
Security Algorithm Cloud Docker Event-driven Architecture Cloud Functions Act as if what you do makes a difference. It does. Containerization Difficult roads often lead to beautiful destinations. Testing Artificial Intelligence Latency Optimization Database Indexing
API Kubernetes Work hard in silence, let your success be your noise. Big Data Neural Networks Load Balancing Great things never come from comfort zones.
Neural Networks Quantum Computing DevOps Security Code Review Latency Optimization WebSockets
Deployment Replica Set Container Orchestration Happiness is not something ready made. It comes from your own actions. CI/CD UX Optimization Machine Learning Simplicity is the ultimate sophistication. The only way to do great work is to love what you do. Frontend Event-driven Architecture Message Queue
Predictive Analytics Database Indexing Pull Request Code Review Version Control Blockchain Algorithm Monitoring Load Testing I find that the harder I work, the more luck I seem to have. API Gateway Artificial Intelligence Event-driven Architecture Cache Invalidation
Event-driven Architecture Replica Set To be the best, you must be able to handle the worst. Content Delivery Network Blockchain Simplicity is the ultimate sophistication. Act as if what you do makes a difference. It does. Kafka React The only way to do great work is to love what you do. API Gateway DNS Routing
The only way to do great work is to love what you do. Success doesn’t just find you. You have to go out and get it. Logging Success is how high you bounce when you hit bottom. WebSockets Big Data API Gateway Great things never come from comfort zones.
Agile Distributed Systems OAuth WebSockets Framework Automation API Gateway Cache Invalidation Lambda Functions Do what you love and the money will follow.
Parallel Processing Framework IoT I find that the harder I work, the more luck I seem to have. Automation JavaScript API Gateway Sharding
Blockchain Python OAuth DevOps Logging Artificial Intelligence Optimization Deployment WebSockets Edge Computing Load Testing I find that the harder I work, the more luck I seem to have. Code Review Kubernetes Containerization
Success is how high you bounce when you hit bottom. Multi-threading Serverless Load Testing Success doesn’t just find you. You have to go out and get it. Success is not in what you have, but who you are. Kafka Server Response Opportunities don't happen. You create them. Database Big Data Testing Artificial Intelligence
Predictive Analytics Agile Neural Networks Message Queue WebSockets
Framework Optimization Containerization Load Testing Content Delivery Network Success is how high you bounce when you hit bottom. Lambda Functions Event Sourcing Multi-threading IoT DevOps Frontend Performance
Docker Multi-threading Backend Difficult roads often lead to beautiful destinations. Optimization Testing Simplicity is the ultimate sophistication. RabbitMQ Cache Invalidation Neural Networks The only way to do great work is to love what you do. Agile Lambda Functions
Deployment Pull Request Don't be afraid to give up the good to go for the great. Difficult roads often lead to beautiful destinations. Sharding Event-driven Architecture Version Control Kafka Python IoT Work hard in silence, let your success be your noise. I find that the harder I work, the more luck I seem to have. Dream big and dare to fail. React Big Data
Logging DNS Routing Container Orchestration WebSockets Innovation distinguishes between a leader and a follower. Machine Learning Success doesn’t just find you. You have to go out and get it. Serverless Difficult roads often lead to beautiful destinations. Cloud
Server Response Logging Firewalls Machine Learning Python Data Pipeline Security Success doesn’t just find you. You have to go out and get it. IoT DNS Routing Event Sourcing
Version Control Lambda Functions Dream big and dare to fail. Code Review Predictive Analytics DevOps Firewalls Cloud
Sharding Kubernetes Edge Computing Performance Database Indexing To be the best, you must be able to handle the worst. Automation Innovation distinguishes between a leader and a follower. Multi-threading Algorithm Neural Networks
