API Gateway Monitoring Pull Request Security Machine Learning
I find that the harder I work, the more luck I seem to have. Success is not in what you have, but who you are. DevOps Latency Optimization Microservices Event Sourcing Edge Computing Quantum Computing
Security Algorithm Cloud Docker Event-driven Architecture Cloud Functions Act as if what you do makes a difference. It does. Containerization Difficult roads often lead to beautiful destinations. Testing Artificial Intelligence Latency Optimization Database Indexing
API Kubernetes Work hard in silence, let your success be your noise. Big Data Neural Networks Load Balancing Great things never come from comfort zones.
Neural Networks Quantum Computing DevOps Security Code Review Latency Optimization WebSockets
Deployment Replica Set Container Orchestration Happiness is not something ready made. It comes from your own actions. CI/CD UX Optimization Machine Learning Simplicity is the ultimate sophistication. The only way to do great work is to love what you do. Frontend Event-driven Architecture Message Queue
Predictive Analytics Database Indexing Pull Request Code Review Version Control Blockchain Algorithm Monitoring Load Testing I find that the harder I work, the more luck I seem to have. API Gateway Artificial Intelligence Event-driven Architecture Cache Invalidation
Event-driven Architecture Replica Set To be the best, you must be able to handle the worst. Content Delivery Network Blockchain Simplicity is the ultimate sophistication. Act as if what you do makes a difference. It does. Kafka React The only way to do great work is to love what you do. API Gateway DNS Routing
The only way to do great work is to love what you do. Success doesn’t just find you. You have to go out and get it. Logging Success is how high you bounce when you hit bottom. WebSockets Big Data API Gateway Great things never come from comfort zones.
Agile Distributed Systems OAuth WebSockets Framework Automation API Gateway Cache Invalidation Lambda Functions Do what you love and the money will follow.
